// !$*UTF8*$!
{
	archiveVersion = 1;
	classes = {
	};
	objectVersion = 46;
	objects = {

/* Begin PBXBuildFile section */
		15767B211EAE49CE00C2FFDF /* AppDelegate.swift in Sources */ = {isa = PBXBuildFile; fileRef = 15767B201EAE49CE00C2FFDF /* AppDelegate.swift */; };
		15767B231EAE49CE00C2FFDF /* ViewController.swift in Sources */ = {isa = PBXBuildFile; fileRef = 15767B221EAE49CE00C2FFDF /* ViewController.swift */; };
		15767B261EAE49CE00C2FFDF /* Main.storyboard in Resources */ = {isa = PBXBuildFile; fileRef = 15767B241EAE49CE00C2FFDF /* Main.storyboard */; };
		15767B281EAE49CE00C2FFDF /* Assets.xcassets in Resources */ = {isa = PBXBuildFile; fileRef = 15767B271EAE49CE00C2FFDF /* Assets.xcassets */; };
		15767B2B1EAE49CE00C2FFDF /* LaunchScreen.storyboard in Resources */ = {isa = PBXBuildFile; fileRef = 15767B291EAE49CE00C2FFDF /* LaunchScreen.storyboard */; };
/* End PBXBuildFile section */

/* Begin PBXFileReference section */
		15767B1D1EAE49CE00C2FFDF /* DevChat.app */ = {isa = PBXFileReference; explicitFileType = wrapper.application; includeInIndex = 0; path = DevChat.app; sourceTree = BUILT_PRODUCTS_DIR; };
		15767B201EAE49CE00C2FFDF /* AppDelegate.swift */ = {isa = PBXFileReference; lastKnownFileType = sourcecode.swift; path = AppDelegate.swift; sourceTree = "<group>"; };
		15767B221EAE49CE00C2FFDF /* ViewController.swift */ = {isa = PBXFileReference; lastKnownFileType = sourcecode.swift; path = ViewController.swift; sourceTree = "<group>"; };
		15767B251EAE49CE00C2FFDF /* Base */ = {isa = PBXFileReference; lastKnownFileType = file.storyboard; name = Base; path = Base.lproj/Main.storyboard; sourceTree = "<group>"; };
		15767B271EAE49CE00C2FFDF /* Assets.xcassets */ = {isa = PBXFileReference; lastKnownFileType = folder.assetcatalog; path = Assets.xcassets; sourceTree = "<group>"; };
		15767B2A1EAE49CE00C2FFDF /* Base */ = {isa = PBXFileReference; lastKnownFileType = file.storyboard; name = Base; path = Base.lproj/LaunchScreen.storyboard; sourceTree = "<group>"; };
		15767B2C1EAE49CE00C2FFDF /* Info.plist */ = {isa = PBXFileReference; lastKnownFileType = text.plist.xml; path = Info.plist; sourceTree = "<group>"; };
/* End PBXFileReference section */

/* Begin PBXFrameworksBuildPhase section */
		15767B1A1EAE49CE00C2FFDF /* Frameworks */ = {
			isa = PBXFrameworksBuildPhase;
			buildActionMask = 2147483647;
			files = (
			);
			runOnlyForDeploymentPostprocessing = 0;
		};
/* End PBXFrameworksBuildPhase section */

/* Begin PBXGroup section */
		15767B141EAE49CD00C2FFDF = {
			isa = PBXGroup;
			children = (
				15767B1F1EAE49CE00C2FFDF /* DevChat */,
				15767B1E1EAE49CE00C2FFDF /* Products */,
			);
			sourceTree = "<group>";
		};
		15767B1E1EAE49CE00C2FFDF /* Products */ = {
			isa = PBXGroup;
			children = (
				15767B1D1EAE49CE00C2FFDF /* DevChat.app */,
			);
			name = Products;
			sourceTree = "<group>";
		};
		15767B1F1EAE49CE00C2FFDF /* DevChat */ = {
			isa = PBXGroup;
			children = (
				15767B201EAE49CE00C2FFDF /* AppDelegate.swift */,
				15767B221EAE49CE00C2FFDF /* ViewController.swift */,
				15767B241EAE49CE00C2FFDF /* Main.storyboard */,
				15767B271EAE49CE00C2FFDF /* Assets.xcassets */,
				15767B291EAE49CE00C2FFDF /* LaunchScreen.storyboard */,
				15767B2C1EAE49CE00C2FFDF /* Info.plist */,
			);
			path = DevChat;
			sourceTree = "<group>";
		};
/* End PBXGroup section */

/* Begin PBXNativeTarget section */
		15767B1C1EAE49CE00C2FFDF /* DevChat */ = {
			isa = PBXNativeTarget;
			buildConfigurationList = 15767B2F1EAE49CE00C2FFDF /* Build configuration list for PBXNativeTarget "DevChat" */;
			buildPhases = (
				15767B191EAE49CE00C2FFDF /* Sources */,
				15767B1A1EAE49CE00C2FFDF /* Frameworks */,
				15767B1B1EAE49CE00C2FFDF /* Resources */,
			);
			buildRules = (
			);
			dependencies = (
			);
			name = DevChat;
			productName = DevChat;
			productReference = 15767B1D1EAE49CE00C2FFDF /* DevChat.app */;
			productType = "com.apple.product-type.application";
		};
/* End PBXNativeTarget section */

/* Begin PBXProject section */
		15767B151EAE49CD00C2FFDF /* Project object */ = {
			isa = PBXProject;
			attributes = {
				LastSwiftUpdateCheck = 0830;
				LastUpgradeCheck = 0830;
				ORGANIZATIONNAME = Lazar;
				TargetAttributes = {
					15767B1C1EAE49CE00C2FFDF = {
						CreatedOnToolsVersion = 8.3.2;
						DevelopmentTeam = 6SG44G76PT;
						ProvisioningStyle = Automatic;
					};
				};
			};
			buildConfigurationList = 15767B181EAE49CD00C2FFDF /* Build configuration list for PBXProject "DevChat" */;
			compatibilityVersion = "Xcode 3.2";
			developmentRegion = English;
			hasScannedForEncodings = 0;
			knownRegions = (
				en,
				Base,
			);
			mainGroup = 15767B141EAE49CD00C2FFDF;
			productRefGroup = 15767B1E1EAE49CE00C2FFDF /* Products */;
			projectDirPath = "";
			projectRoot = "";
			targets = (
				15767B1C1EAE49CE00C2FFDF /* DevChat */,
			);
		};
/* End PBXProject section */

/* Begin PBXResourcesBuildPhase section */
		15767B1B1EAE49CE00C2FFDF /* Resources */ = {
			isa = PBXResourcesBuildPhase;
			buildActionMask = 2147483647;
			files = (
				15767B2B1EAE49CE00C2FFDF /* LaunchScreen.storyboard in Resources */,
				15767B281EAE49CE00C2FFDF /* Assets.xcassets in Resources */,
				15767B261EAE49CE00C2FFDF /* Main.storyboard in Resources */,
			);
			runOnlyForDeploymentPostprocessing = 0;
		};
/* End PBXResourcesBuildPhase section */

/* Begin PBXSourcesBuildPhase section */
		15767B191EAE49CE00C2FFDF /* Sources */ = {
			isa = PBXSourcesBuildPhase;
			buildActionMask = 2147483647;
			files = (
				15767B231EAE49CE00C2FFDF /* ViewController.swift in Sources */,
				15767B211EAE49CE00C2FFDF /* AppDelegate.swift in Sources */,
			);
			runOnlyForDeploymentPostprocessing = 0;
		};
/* End PBXSourcesBuildPhase section */

/* Begin PBXVariantGroup section */
		15767B241EAE49CE00C2FFDF /* Main.storyboard */ = {
			isa = PBXVariantGroup;
			children = (
				15767B251EAE49CE00C2FFDF /* Base */,
			);
			name = Main.storyboard;
			sourceTree = "<group>";
		};
		15767B291EAE49CE00C2FFDF /* LaunchScreen.storyboard */ = {
			isa = PBXVariantGroup;
			children = (
				15767B2A1EAE49CE00C2FFDF /* Base */,
			);
			name = LaunchScreen.storyboard;
			sourceTree = "<group>";
		};
/* End PBXVariantGroup section */

/* Begin XCBuildConfiguration section */
		15767B2D1EAE49CE00C2FFDF /* Debug */ = {
			isa = XCBuildConfiguration;
			buildSettings = {
				ALWAYS_SEARCH_USER_PATHS = NO;
				CLANG_ANALYZER_NONNULL = YES;
				CLANG_ANALYZER_NUMBER_OBJECT_CONVERSION = YES_AGGRESSIVE;
				CLANG_CXX_LANGUAGE_STANDARD = "gnu++0x";
				CLANG_CXX_LIBRARY = "libc++";
				CLANG_ENABLE_MODULES = YES;
				CLANG_ENABLE_OBJC_ARC = YES;
				CLANG_WARN_BOOL_CONVERSION = YES;
				CLANG_WARN_CONSTANT_CONVERSION = YES;
				CLANG_WARN_DIRECT_OBJC_ISA_USAGE = YES_ERROR;
				CLANG_WARN_DOCUMENTATION_COMMENTS = YES;
				CLANG_WARN_EMPTY_BODY = YES;
				CLANG_WARN_ENUM_CONVERSION = YES;
				CLANG_WARN_INFINITE_RECURSION = YES;
				CLANG_WARN_INT_CONVERSION = YES;
				CLANG_WARN_OBJC_ROOT_CLASS = YES_ERROR;
				CLANG_WARN_SUSPICIOUS_MOVE = YES;
				CLANG_WARN_UNREACHABLE_CODE = YES;
				CLANG_WARN__DUPLICATE_METHOD_MATCH = YES;
				"CODE_SIGN_IDENTITY[sdk=iphoneos*]" = "iPhone Developer";
				COPY_PHASE_STRIP = NO;
				DEBUG_INFORMATION_FORMAT = dwarf;
				ENABLE_STRICT_OBJC_MSGSEND = YES;
				ENABLE_TESTABILITY = YES;
				GCC_C_LANGUAGE_STANDARD = gnu99;
				GCC_DYNAMIC_NO_PIC = NO;
				GCC_NO_COMMON_BLOCKS = YES;
				GCC_OPTIMIZATION_LEVEL = 0;
				GCC_PREPROCESSOR_DEFINITIONS = (
					"DEBUG=1",
					"$(inherited)",
				);
				GCC_WARN_64_TO_32_BIT_CONVERSION = YES;
				GCC_WARN_ABOUT_RETURN_TYPE = YES_ERROR;
				GCC_WARN_UNDECLARED_SELECTOR = YES;
				GCC_WARN_UNINITIALIZED_AUTOS = YES_AGGRESSIVE;
				GCC_WARN_UNUSED_FUNCTION = YES;
				GCC_WARN_UNUSED_VARIABLE = YES;
				IPHONEOS_DEPLOYMENT_TARGET = 10.3;
				MTL_ENABLE_DEBUG_INFO = YES;
				ONLY_ACTIVE_ARCH = YES;
				SDKROOT = iphoneos;
				SWIFT_ACTIVE_COMPILATION_CONDITIONS = DEBUG;
				SWIFT_OPTIMIZATION_LEVEL = "-Onone";
			};
			name = Debug;
		};
		15767B2E1EAE49CE00C2FFDF /* Release */ = {
			isa = XCBuildConfiguration;
			buildSettings = {
				ALWAYS_SEARCH_USER_PATHS = NO;
				CLANG_ANALYZER_NONNULL = YES;
				CLANG_ANALYZER_NUMBER_OBJECT_CONVERSION = YES_AGGRESSIVE;
				CLANG_CXX_LANGUAGE_STANDARD = "gnu++0x";
				CLANG_CXX_LIBRARY = "libc++";
				CLANG_ENABLE_MODULES = YES;
				CLANG_ENABLE_OBJC_ARC = YES;
				CLANG_WARN_BOOL_CONVERSION = YES;
				CLANG_WARN_CONSTANT_CONVERSION = YES;
				CLANG_WARN_DIRECT_OBJC_ISA_USAGE = YES_ERROR;
				CLANG_WARN_DOCUMENTATION_COMMENTS = YES;
				CLANG_WARN_EMPTY_BODY = YES;
				CLANG_WARN_ENUM_CONVERSION = YES;
				CLANG_WARN_INFINITE_RECURSION = YES;
				CLANG_WARN_INT_CONVERSION = YES;
				CLANG_WARN_OBJC_ROOT_CLASS = YES_ERROR;
				CLANG_WARN_SUSPICIOUS_MOVE = YES;
				CLANG_WARN_UNREACHABLE_CODE = YES;
				CLANG_WARN__DUPLICATE_METHOD_MATCH = YES;
				"CODE_SIGN_IDENTITY[sdk=iphoneos*]" = "iPhone Developer";
				COPY_PHASE_STRIP = NO;
				DEBUG_INFORMATION_FORMAT = "dwarf-with-dsym";
				ENABLE_NS_ASSERTIONS = NO;
				ENABLE_STRICT_OBJC_MSGSEND = YES;
				GCC_C_LANGUAGE_STANDARD = gnu99;
				GCC_NO_COMMON_BLOCKS = YES;
				GCC_WARN_64_TO_32_BIT_CONVERSION = YES;
				GCC_WARN_ABOUT_RETURN_TYPE = YES_ERROR;
				GCC_WARN_UNDECLARED_SELECTOR = YES;
				GCC_WARN_UNINITIALIZED_AUTOS = YES_AGGRESSIVE;
				GCC_WARN_UNUSED_FUNCTION = YES;
				GCC_WARN_UNUSED_VARIABLE = YES;
				IPHONEOS_DEPLOYMENT_TARGET = 10.3;
				MTL_ENABLE_DEBUG_INFO = NO;
				SDKROOT = iphoneos;
				SWIFT_OPTIMIZATION_LEVEL = "-Owholemodule";
				VALIDATE_PRODUCT = YES;
			};
			name = Release;
		};
		15767B301EAE49CE00C2FFDF /* Debug */ = {
			isa = XCBuildConfiguration;
			buildSettings = {
				ASSETCATALOG_COMPILER_APPICON_NAME = AppIcon;
				DEVELOPMENT_TEAM = 6SG44G76PT;
				INFOPLIST_FILE = DevChat/Info.plist;
				LD_RUNPATH_SEARCH_PATHS = "$(inherited) @executable_path/Frameworks";
				PRODUCT_BUNDLE_IDENTIFIER = com.lazarvlaovicj.DevChat;
				PRODUCT_NAME = "$(TARGET_NAME)";
				SWIFT_VERSION = 3.0;
			};
			name = Debug;
		};
		15767B311EAE49CE00C2FFDF /* Release */ = {
			isa = XCBuildConfiguration;
			buildSettings = {
				ASSETCATALOG_COMPILER_APPICON_NAME = AppIcon;
				DEVELOPMENT_TEAM = 6SG44G76PT;
				INFOPLIST_FILE = DevChat/Info.plist;
				LD_RUNPATH_SEARCH_PATHS = "$(inherited) @executable_path/Frameworks";
				PRODUCT_BUNDLE_IDENTIFIER = com.lazarvlaovicj.DevChat;
				PRODUCT_NAME = "$(TARGET_NAME)";
				SWIFT_VERSION = 3.0;
			};
			name = Release;
		};
/* End XCBuildConfiguration section */

/* Begin XCConfigurationList section */
		15767B181EAE49CD00C2FFDF /* Build configuration list for PBXProject "DevChat" */ = {
			isa = XCConfigurationList;
			buildConfigurations = (
				15767B2D1EAE49CE00C2FFDF /* Debug */,
				15767B2E1EAE49CE00C2FFDF /* Release */,
			);
			defaultConfigurationIsVisible = 0;
			defaultConfigurationName = Release;
		};
		15767B2F1EAE49CE00C2FFDF /* Build configuration list for PBXNativeTarget "DevChat" */ = {
			isa = XCConfigurationList;
			buildConfigurations = (
				15767B301EAE49CE00C2FFDF /* Debug */,
				15767B311EAE49CE00C2FFDF /* Release */,
			);
			defaultConfigurationIsVisible = 0;
		};
/* End XCConfigurationList section */
	};
	rootObject = 15767B151EAE49CD00C2FFDF /* Project object */;
}
