// !$*UTF8*$!
{
	archiveVersion = 1;
	classes = {
	};
	objectVersion = 46;
	objects = {

/* Begin PBXBuildFile section */
		156C20681EAEA23300D3BC58 /* PreviewView.swift in Sources */ = {isa = PBXBuildFile; fileRef = 156C20651EAEA23300D3BC58 /* PreviewView.swift */; };
		156C206A1EAEA23300D3BC58 /* PhotoCaptureDelegate.swift in Sources */ = {isa = PBXBuildFile; fileRef = 156C20671EAEA23300D3BC58 /* PhotoCaptureDelegate.swift */; };
		15767B211EAE49CE00C2FFDF /* AppDelegate.swift in Sources */ = {isa = PBXBuildFile; fileRef = 15767B201EAE49CE00C2FFDF /* AppDelegate.swift */; };
		15767B261EAE49CE00C2FFDF /* Main.storyboard in Resources */ = {isa = PBXBuildFile; fileRef = 15767B241EAE49CE00C2FFDF /* Main.storyboard */; };
		15767B281EAE49CE00C2FFDF /* Assets.xcassets in Resources */ = {isa = PBXBuildFile; fileRef = 15767B271EAE49CE00C2FFDF /* Assets.xcassets */; };
		15767B2B1EAE49CE00C2FFDF /* LaunchScreen.storyboard in Resources */ = {isa = PBXBuildFile; fileRef = 15767B291EAE49CE00C2FFDF /* LaunchScreen.storyboard */; };
		157FA3001EB2205200B76B34 /* GoogleService-Info.plist in Resources */ = {isa = PBXBuildFile; fileRef = 157FA2FF1EB2205200B76B34 /* GoogleService-Info.plist */; };
		15D1F5F81EB393EF001201B7 /* CameraViewController.swift in Sources */ = {isa = PBXBuildFile; fileRef = 15D1F5F71EB393EF001201B7 /* CameraViewController.swift */; };
		15E2EC571EB2A125003E0300 /* CustomField.swift in Sources */ = {isa = PBXBuildFile; fileRef = 15E2EC561EB2A125003E0300 /* CustomField.swift */; };
		15E2EC591EB2A7DE003E0300 /* CustomButton.swift in Sources */ = {isa = PBXBuildFile; fileRef = 15E2EC581EB2A7DE003E0300 /* CustomButton.swift */; };
		C86D73DE72524FCBF282510A /* Pods_DevChat.framework in Frameworks */ = {isa = PBXBuildFile; fileRef = 3C443DB793D4D0197A138E75 /* Pods_DevChat.framework */; };
/* End PBXBuildFile section */

/* Begin PBXFileReference section */
		156C20651EAEA23300D3BC58 /* PreviewView.swift */ = {isa = PBXFileReference; fileEncoding = 4; lastKnownFileType = sourcecode.swift; path = PreviewView.swift; sourceTree = "<group>"; };
		156C20671EAEA23300D3BC58 /* PhotoCaptureDelegate.swift */ = {isa = PBXFileReference; fileEncoding = 4; lastKnownFileType = sourcecode.swift; path = PhotoCaptureDelegate.swift; sourceTree = "<group>"; };
		15767B1D1EAE49CE00C2FFDF /* DevChat.app */ = {isa = PBXFileReference; explicitFileType = wrapper.application; includeInIndex = 0; path = DevChat.app; sourceTree = BUILT_PRODUCTS_DIR; };
		15767B201EAE49CE00C2FFDF /* AppDelegate.swift */ = {isa = PBXFileReference; lastKnownFileType = sourcecode.swift; path = AppDelegate.swift; sourceTree = "<group>"; };
		15767B251EAE49CE00C2FFDF /* Base */ = {isa = PBXFileReference; lastKnownFileType = file.storyboard; name = Base; path = Base.lproj/Main.storyboard; sourceTree = "<group>"; };
		15767B271EAE49CE00C2FFDF /* Assets.xcassets */ = {isa = PBXFileReference; lastKnownFileType = folder.assetcatalog; path = Assets.xcassets; sourceTree = "<group>"; };
		15767B2A1EAE49CE00C2FFDF /* Base */ = {isa = PBXFileReference; lastKnownFileType = file.storyboard; name = Base; path = Base.lproj/LaunchScreen.storyboard; sourceTree = "<group>"; };
		15767B2C1EAE49CE00C2FFDF /* Info.plist */ = {isa = PBXFileReference; lastKnownFileType = text.plist.xml; path = Info.plist; sourceTree = "<group>"; };
		157FA2FF1EB2205200B76B34 /* GoogleService-Info.plist */ = {isa = PBXFileReference; fileEncoding = 4; lastKnownFileType = text.plist.xml; path = "GoogleService-Info.plist"; sourceTree = "<group>"; };
		15D1F5F71EB393EF001201B7 /* CameraViewController.swift */ = {isa = PBXFileReference; fileEncoding = 4; lastKnownFileType = sourcecode.swift; path = CameraViewController.swift; sourceTree = "<group>"; };
		15E2EC561EB2A125003E0300 /* CustomField.swift */ = {isa = PBXFileReference; fileEncoding = 4; lastKnownFileType = sourcecode.swift; path = CustomField.swift; sourceTree = "<group>"; };
		15E2EC581EB2A7DE003E0300 /* CustomButton.swift */ = {isa = PBXFileReference; fileEncoding = 4; lastKnownFileType = sourcecode.swift; path = CustomButton.swift; sourceTree = "<group>"; };
		3C443DB793D4D0197A138E75 /* Pods_DevChat.framework */ = {isa = PBXFileReference; explicitFileType = wrapper.framework; includeInIndex = 0; path = Pods_DevChat.framework; sourceTree = BUILT_PRODUCTS_DIR; };
		D00ACA4EECE36D92D3105F4A /* Pods-DevChat.release.xcconfig */ = {isa = PBXFileReference; includeInIndex = 1; lastKnownFileType = text.xcconfig; name = "Pods-DevChat.release.xcconfig"; path = "Pods/Target Support Files/Pods-DevChat/Pods-DevChat.release.xcconfig"; sourceTree = "<group>"; };
		DC7FF2F32E07FC445832798B /* Pods-DevChat.debug.xcconfig */ = {isa = PBXFileReference; includeInIndex = 1; lastKnownFileType = text.xcconfig; name = "Pods-DevChat.debug.xcconfig"; path = "Pods/Target Support Files/Pods-DevChat/Pods-DevChat.debug.xcconfig"; sourceTree = "<group>"; };
/* End PBXFileReference section */

/* Begin PBXFrameworksBuildPhase section */
		15767B1A1EAE49CE00C2FFDF /* Frameworks */ = {
			isa = PBXFrameworksBuildPhase;
			buildActionMask = 2147483647;
			files = (
				C86D73DE72524FCBF282510A /* Pods_DevChat.framework in Frameworks */,
			);
			runOnlyForDeploymentPostprocessing = 0;
		};
/* End PBXFrameworksBuildPhase section */

/* Begin PBXGroup section */
		156C206B1EAEA46400D3BC58 /* Controller */ = {
			isa = PBXGroup;
			children = (
				15D1F5F71EB393EF001201B7 /* CameraViewController.swift */,
			);
			name = Controller;
			sourceTree = "<group>";
		};
		156C206C1EAEA46D00D3BC58 /* View */ = {
			isa = PBXGroup;
			children = (
				156C20651EAEA23300D3BC58 /* PreviewView.swift */,
				15E2EC561EB2A125003E0300 /* CustomField.swift */,
				15E2EC581EB2A7DE003E0300 /* CustomButton.swift */,
			);
			name = View;
			sourceTree = "<group>";
		};
		15767B141EAE49CD00C2FFDF = {
			isa = PBXGroup;
			children = (
				15767B1F1EAE49CE00C2FFDF /* DevChat */,
				15767B1E1EAE49CE00C2FFDF /* Products */,
				D3629FC4FDE41725006C6F74 /* Pods */,
				C27B626192511F57C26FEF31 /* Frameworks */,
			);
			sourceTree = "<group>";
		};
		15767B1E1EAE49CE00C2FFDF /* Products */ = {
			isa = PBXGroup;
			children = (
				15767B1D1EAE49CE00C2FFDF /* DevChat.app */,
			);
			name = Products;
			sourceTree = "<group>";
		};
		15767B1F1EAE49CE00C2FFDF /* DevChat */ = {
			isa = PBXGroup;
			children = (
				156C206C1EAEA46D00D3BC58 /* View */,
				156C206B1EAEA46400D3BC58 /* Controller */,
				15767B201EAE49CE00C2FFDF /* AppDelegate.swift */,
				156C20671EAEA23300D3BC58 /* PhotoCaptureDelegate.swift */,
				157FA2FF1EB2205200B76B34 /* GoogleService-Info.plist */,
				15767B241EAE49CE00C2FFDF /* Main.storyboard */,
				15767B271EAE49CE00C2FFDF /* Assets.xcassets */,
				15767B291EAE49CE00C2FFDF /* LaunchScreen.storyboard */,
				15767B2C1EAE49CE00C2FFDF /* Info.plist */,
			);
			path = DevChat;
			sourceTree = "<group>";
		};
		C27B626192511F57C26FEF31 /* Frameworks */ = {
			isa = PBXGroup;
			children = (
				3C443DB793D4D0197A138E75 /* Pods_DevChat.framework */,
			);
			name = Frameworks;
			sourceTree = "<group>";
		};
		D3629FC4FDE41725006C6F74 /* Pods */ = {
			isa = PBXGroup;
			children = (
				DC7FF2F32E07FC445832798B /* Pods-DevChat.debug.xcconfig */,
				D00ACA4EECE36D92D3105F4A /* Pods-DevChat.release.xcconfig */,
			);
			name = Pods;
			sourceTree = "<group>";
		};
/* End PBXGroup section */

/* Begin PBXNativeTarget section */
		15767B1C1EAE49CE00C2FFDF /* DevChat */ = {
			isa = PBXNativeTarget;
			buildConfigurationList = 15767B2F1EAE49CE00C2FFDF /* Build configuration list for PBXNativeTarget "DevChat" */;
			buildPhases = (
				D1F4B265B94BC1C48DC6961A /* [CP] Check Pods Manifest.lock */,
				15767B191EAE49CE00C2FFDF /* Sources */,
				15767B1A1EAE49CE00C2FFDF /* Frameworks */,
				15767B1B1EAE49CE00C2FFDF /* Resources */,
				4AC2271B7820416EA83139B8 /* [CP] Embed Pods Frameworks */,
				25077B573CF726712C11D59B /* [CP] Copy Pods Resources */,
			);
			buildRules = (
			);
			dependencies = (
			);
			name = DevChat;
			productName = DevChat;
			productReference = 15767B1D1EAE49CE00C2FFDF /* DevChat.app */;
			productType = "com.apple.product-type.application";
		};
/* End PBXNativeTarget section */

/* Begin PBXProject section */
		15767B151EAE49CD00C2FFDF /* Project object */ = {
			isa = PBXProject;
			attributes = {
				LastSwiftUpdateCheck = 0830;
				LastUpgradeCheck = 0830;
				ORGANIZATIONNAME = Lazar;
				TargetAttributes = {
					15767B1C1EAE49CE00C2FFDF = {
						CreatedOnToolsVersion = 8.3.2;
						DevelopmentTeam = 6SG44G76PT;
						ProvisioningStyle = Automatic;
					};
				};
			};
			buildConfigurationList = 15767B181EAE49CD00C2FFDF /* Build configuration list for PBXProject "DevChat" */;
			compatibilityVersion = "Xcode 3.2";
			developmentRegion = English;
			hasScannedForEncodings = 0;
			knownRegions = (
				en,
				Base,
			);
			mainGroup = 15767B141EAE49CD00C2FFDF;
			productRefGroup = 15767B1E1EAE49CE00C2FFDF /* Products */;
			projectDirPath = "";
			projectRoot = "";
			targets = (
				15767B1C1EAE49CE00C2FFDF /* DevChat */,
			);
		};
/* End PBXProject section */

/* Begin PBXResourcesBuildPhase section */
		15767B1B1EAE49CE00C2FFDF /* Resources */ = {
			isa = PBXResourcesBuildPhase;
			buildActionMask = 2147483647;
			files = (
				15767B2B1EAE49CE00C2FFDF /* LaunchScreen.storyboard in Resources */,
				157FA3001EB2205200B76B34 /* GoogleService-Info.plist in Resources */,
				15767B281EAE49CE00C2FFDF /* Assets.xcassets in Resources */,
				15767B261EAE49CE00C2FFDF /* Main.storyboard in Resources */,
			);
			runOnlyForDeploymentPostprocessing = 0;
		};
/* End PBXResourcesBuildPhase section */

/* Begin PBXShellScriptBuildPhase section */
		25077B573CF726712C11D59B /* [CP] Copy Pods Resources */ = {
			isa = PBXShellScriptBuildPhase;
			buildActionMask = 2147483647;
			files = (
			);
			inputPaths = (
			);
			name = "[CP] Copy Pods Resources";
			outputPaths = (
			);
			runOnlyForDeploymentPostprocessing = 0;
			shellPath = /bin/sh;
			shellScript = "\"${SRCROOT}/Pods/Target Support Files/Pods-DevChat/Pods-DevChat-resources.sh\"\n";
			showEnvVarsInLog = 0;
		};
		4AC2271B7820416EA83139B8 /* [CP] Embed Pods Frameworks */ = {
			isa = PBXShellScriptBuildPhase;
			buildActionMask = 2147483647;
			files = (
			);
			inputPaths = (
			);
			name = "[CP] Embed Pods Frameworks";
			outputPaths = (
			);
			runOnlyForDeploymentPostprocessing = 0;
			shellPath = /bin/sh;
			shellScript = "\"${SRCROOT}/Pods/Target Support Files/Pods-DevChat/Pods-DevChat-frameworks.sh\"\n";
			showEnvVarsInLog = 0;
		};
		D1F4B265B94BC1C48DC6961A /* [CP] Check Pods Manifest.lock */ = {
			isa = PBXShellScriptBuildPhase;
			buildActionMask = 2147483647;
			files = (
			);
			inputPaths = (
			);
			name = "[CP] Check Pods Manifest.lock";
			outputPaths = (
			);
			runOnlyForDeploymentPostprocessing = 0;
			shellPath = /bin/sh;
			shellScript = "diff \"${PODS_ROOT}/../Podfile.lock\" \"${PODS_ROOT}/Manifest.lock\" > /dev/null\nif [ $? != 0 ] ; then\n    # print error to STDERR\n    echo \"error: The sandbox is not in sync with the Podfile.lock. Run 'pod install' or update your CocoaPods installation.\" >&2\n    exit 1\nfi\n";
			showEnvVarsInLog = 0;
		};
/* End PBXShellScriptBuildPhase section */

/* Begin PBXSourcesBuildPhase section */
		15767B191EAE49CE00C2FFDF /* Sources */ = {
			isa = PBXSourcesBuildPhase;
			buildActionMask = 2147483647;
			files = (
				15E2EC571EB2A125003E0300 /* CustomField.swift in Sources */,
				15767B211EAE49CE00C2FFDF /* AppDelegate.swift in Sources */,
				15E2EC591EB2A7DE003E0300 /* CustomButton.swift in Sources */,
				156C206A1EAEA23300D3BC58 /* PhotoCaptureDelegate.swift in Sources */,
				156C20681EAEA23300D3BC58 /* PreviewView.swift in Sources */,
				15D1F5F81EB393EF001201B7 /* CameraViewController.swift in Sources */,
			);
			runOnlyForDeploymentPostprocessing = 0;
		};
/* End PBXSourcesBuildPhase section */

/* Begin PBXVariantGroup section */
		15767B241EAE49CE00C2FFDF /* Main.storyboard */ = {
			isa = PBXVariantGroup;
			children = (
				15767B251EAE49CE00C2FFDF /* Base */,
			);
			name = Main.storyboard;
			sourceTree = "<group>";
		};
		15767B291EAE49CE00C2FFDF /* LaunchScreen.storyboard */ = {
			isa = PBXVariantGroup;
			children = (
				15767B2A1EAE49CE00C2FFDF /* Base */,
			);
			name = LaunchScreen.storyboard;
			sourceTree = "<group>";
		};
/* End PBXVariantGroup section */

/* Begin XCBuildConfiguration section */
		15767B2D1EAE49CE00C2FFDF /* Debug */ = {
			isa = XCBuildConfiguration;
			buildSettings = {
				ALWAYS_SEARCH_USER_PATHS = NO;
				CLANG_ANALYZER_NONNULL = YES;
				CLANG_ANALYZER_NUMBER_OBJECT_CONVERSION = YES_AGGRESSIVE;
				CLANG_CXX_LANGUAGE_STANDARD = "gnu++0x";
				CLANG_CXX_LIBRARY = "libc++";
				CLANG_ENABLE_MODULES = YES;
				CLANG_ENABLE_OBJC_ARC = YES;
				CLANG_WARN_BOOL_CONVERSION = YES;
				CLANG_WARN_CONSTANT_CONVERSION = YES;
				CLANG_WARN_DIRECT_OBJC_ISA_USAGE = YES_ERROR;
				CLANG_WARN_DOCUMENTATION_COMMENTS = YES;
				CLANG_WARN_EMPTY_BODY = YES;
				CLANG_WARN_ENUM_CONVERSION = YES;
				CLANG_WARN_INFINITE_RECURSION = YES;
				CLANG_WARN_INT_CONVERSION = YES;
				CLANG_WARN_OBJC_ROOT_CLASS = YES_ERROR;
				CLANG_WARN_SUSPICIOUS_MOVE = YES;
				CLANG_WARN_UNREACHABLE_CODE = YES;
				CLANG_WARN__DUPLICATE_METHOD_MATCH = YES;
				"CODE_SIGN_IDENTITY[sdk=iphoneos*]" = "iPhone Developer";
				COPY_PHASE_STRIP = NO;
				DEBUG_INFORMATION_FORMAT = dwarf;
				ENABLE_STRICT_OBJC_MSGSEND = YES;
				ENABLE_TESTABILITY = YES;
				GCC_C_LANGUAGE_STANDARD = gnu99;
				GCC_DYNAMIC_NO_PIC = NO;
				GCC_NO_COMMON_BLOCKS = YES;
				GCC_OPTIMIZATION_LEVEL = 0;
				GCC_PREPROCESSOR_DEFINITIONS = (
					"DEBUG=1",
					"$(inherited)",
				);
				GCC_WARN_64_TO_32_BIT_CONVERSION = YES;
				GCC_WARN_ABOUT_RETURN_TYPE = YES_ERROR;
				GCC_WARN_UNDECLARED_SELECTOR = YES;
				GCC_WARN_UNINITIALIZED_AUTOS = YES_AGGRESSIVE;
				GCC_WARN_UNUSED_FUNCTION = YES;
				GCC_WARN_UNUSED_VARIABLE = YES;
				IPHONEOS_DEPLOYMENT_TARGET = 10.3;
				MTL_ENABLE_DEBUG_INFO = YES;
				ONLY_ACTIVE_ARCH = YES;
				SDKROOT = iphoneos;
				SWIFT_ACTIVE_COMPILATION_CONDITIONS = DEBUG;
				SWIFT_OPTIMIZATION_LEVEL = "-Onone";
			};
			name = Debug;
		};
		15767B2E1EAE49CE00C2FFDF /* Release */ = {
			isa = XCBuildConfiguration;
			buildSettings = {
				ALWAYS_SEARCH_USER_PATHS = NO;
				CLANG_ANALYZER_NONNULL = YES;
				CLANG_ANALYZER_NUMBER_OBJECT_CONVERSION = YES_AGGRESSIVE;
				CLANG_CXX_LANGUAGE_STANDARD = "gnu++0x";
				CLANG_CXX_LIBRARY = "libc++";
				CLANG_ENABLE_MODULES = YES;
				CLANG_ENABLE_OBJC_ARC = YES;
				CLANG_WARN_BOOL_CONVERSION = YES;
				CLANG_WARN_CONSTANT_CONVERSION = YES;
				CLANG_WARN_DIRECT_OBJC_ISA_USAGE = YES_ERROR;
				CLANG_WARN_DOCUMENTATION_COMMENTS = YES;
				CLANG_WARN_EMPTY_BODY = YES;
				CLANG_WARN_ENUM_CONVERSION = YES;
				CLANG_WARN_INFINITE_RECURSION = YES;
				CLANG_WARN_INT_CONVERSION = YES;
				CLANG_WARN_OBJC_ROOT_CLASS = YES_ERROR;
				CLANG_WARN_SUSPICIOUS_MOVE = YES;
				CLANG_WARN_UNREACHABLE_CODE = YES;
				CLANG_WARN__DUPLICATE_METHOD_MATCH = YES;
				"CODE_SIGN_IDENTITY[sdk=iphoneos*]" = "iPhone Developer";
				COPY_PHASE_STRIP = NO;
				DEBUG_INFORMATION_FORMAT = "dwarf-with-dsym";
				ENABLE_NS_ASSERTIONS = NO;
				ENABLE_STRICT_OBJC_MSGSEND = YES;
				GCC_C_LANGUAGE_STANDARD = gnu99;
				GCC_NO_COMMON_BLOCKS = YES;
				GCC_WARN_64_TO_32_BIT_CONVERSION = YES;
				GCC_WARN_ABOUT_RETURN_TYPE = YES_ERROR;
				GCC_WARN_UNDECLARED_SELECTOR = YES;
				GCC_WARN_UNINITIALIZED_AUTOS = YES_AGGRESSIVE;
				GCC_WARN_UNUSED_FUNCTION = YES;
				GCC_WARN_UNUSED_VARIABLE = YES;
				IPHONEOS_DEPLOYMENT_TARGET = 10.3;
				MTL_ENABLE_DEBUG_INFO = NO;
				SDKROOT = iphoneos;
				SWIFT_OPTIMIZATION_LEVEL = "-Owholemodule";
				VALIDATE_PRODUCT = YES;
			};
			name = Release;
		};
		15767B301EAE49CE00C2FFDF /* Debug */ = {
			isa = XCBuildConfiguration;
			baseConfigurationReference = DC7FF2F32E07FC445832798B /* Pods-DevChat.debug.xcconfig */;
			buildSettings = {
				ASSETCATALOG_COMPILER_APPICON_NAME = AppIcon;
				DEVELOPMENT_TEAM = 6SG44G76PT;
				INFOPLIST_FILE = DevChat/Info.plist;
				LD_RUNPATH_SEARCH_PATHS = "$(inherited) @executable_path/Frameworks";
				PRODUCT_BUNDLE_IDENTIFIER = com.lazarvlaovicj.DevChat;
				PRODUCT_NAME = "$(TARGET_NAME)";
				SWIFT_VERSION = 3.0;
			};
			name = Debug;
		};
		15767B311EAE49CE00C2FFDF /* Release */ = {
			isa = XCBuildConfiguration;
			baseConfigurationReference = D00ACA4EECE36D92D3105F4A /* Pods-DevChat.release.xcconfig */;
			buildSettings = {
				ASSETCATALOG_COMPILER_APPICON_NAME = AppIcon;
				DEVELOPMENT_TEAM = 6SG44G76PT;
				INFOPLIST_FILE = DevChat/Info.plist;
				LD_RUNPATH_SEARCH_PATHS = "$(inherited) @executable_path/Frameworks";
				PRODUCT_BUNDLE_IDENTIFIER = com.lazarvlaovicj.DevChat;
				PRODUCT_NAME = "$(TARGET_NAME)";
				SWIFT_VERSION = 3.0;
			};
			name = Release;
		};
/* End XCBuildConfiguration section */

/* Begin XCConfigurationList section */
		15767B181EAE49CD00C2FFDF /* Build configuration list for PBXProject "DevChat" */ = {
			isa = XCConfigurationList;
			buildConfigurations = (
				15767B2D1EAE49CE00C2FFDF /* Debug */,
				15767B2E1EAE49CE00C2FFDF /* Release */,
			);
			defaultConfigurationIsVisible = 0;
			defaultConfigurationName = Release;
		};
		15767B2F1EAE49CE00C2FFDF /* Build configuration list for PBXNativeTarget "DevChat" */ = {
			isa = XCConfigurationList;
			buildConfigurations = (
				15767B301EAE49CE00C2FFDF /* Debug */,
				15767B311EAE49CE00C2FFDF /* Release */,
			);
			defaultConfigurationIsVisible = 0;
			defaultConfigurationName = Release;
		};
/* End XCConfigurationList section */
	};
	rootObject = 15767B151EAE49CD00C2FFDF /* Project object */;
}
